
Microsoft Visual Studio Solution File, Format Version 12.00
# Visual Studio 15
VisualStudioVersion = 15.0.28010.2026
MinimumVisualStudioVersion = 10.0.40219.1
Project("{FAE04EC0-301F-11D3-BF4B-00C04F79EFBC}") = "API", "API\API.csproj", "{7E42F0F9-1031-4C17-BFD3-CEF88ABD8212}"
EndProject
Global
	GlobalSection(SolutionConfigurationPlatforms) = preSolution
		Debug|Any CPU = Debug|Any CPU
		Release|Any CPU = Release|Any CPU
	EndGlobalSection
	GlobalSection(ProjectConfigurationPlatforms) = postSolution
		{7E42F0F9-1031-4C17-BFD3-CEF88ABD8212}.Debug|Any CPU.ActiveCfg = Debug|Any CPU
		{7E42F0F9-1031-4C17-BFD3-CEF88ABD8212}.Debug|Any CPU.Build.0 = Debug|Any CPU
		{7E42F0F9-1031-4C17-BFD3-CEF88ABD8212}.Release|Any CPU.ActiveCfg = Release|Any CPU
		{7E42F0F9-1031-4C17-BFD3-CEF88ABD8212}.Release|Any CPU.Build.0 = Release|Any CPU
	EndGlobalSection
	GlobalSection(SolutionProperties) = preSolution
		HideSolutionNode = FALSE
	EndGlobalSection
	GlobalSection(ExtensibilityGlobals) = postSolution
		SolutionGuid = {7FA6DDA3-EC10-4101-BE99-556A10F1978E}
	EndGlobalSection
EndGlobal
